
Microsoft Visual Studio Solution File, Format Version 12.00
# Visual Studio 15
VisualStudioVersion = 15.0.28307.168
MinimumVisualStudioVersion = 10.0.40219.1
Project("{FAE04EC0-301F-11D3-BF4B-00C04F79EFBC}") = "Store", "CoffeeShop\Store.csproj", "{1740F66A-C5CC-46D0-A9B2-EF0713667F84}"
EndProject
Global
	GlobalSection(SolutionConfigurationPlatforms) = preSolution
		Debug|Any CPU = Debug|Any CPU
		Release|Any CPU = Release|Any CPU
	EndGlobalSection
	GlobalSection(ProjectConfigurationPlatforms) = postSolution
		{1740F66A-C5CC-46D0-A9B2-EF0713667F84}.Debug|Any CPU.ActiveCfg = Debug|Any CPU
		{1740F66A-C5CC-46D0-A9B2-EF0713667F84}.Debug|Any CPU.Build.0 = Debug|Any CPU
		{1740F66A-C5CC-46D0-A9B2-EF0713667F84}.Release|Any CPU.ActiveCfg = Release|Any CPU
		{1740F66A-C5CC-46D0-A9B2-EF0713667F84}.Release|Any CPU.Build.0 = Release|Any CPU
	EndGlobalSection
	GlobalSection(SolutionProperties) = preSolution
		HideSolutionNode = FALSE
	EndGlobalSection
	GlobalSection(ExtensibilityGlobals) = postSolution
		SolutionGuid = {2B85DF83-B591-4F48-B405-69BEEEBD3DE8}
	EndGlobalSection
EndGlobal
